{
  "version": 4,
  "terraform_version": "1.13.3",
  "serial": 15,
  "lineage": "923046c1-973c-8976-88ea-a9251a8dbe1a",
  "outputs": {},
  "resources": [
    {
      "mode": "managed",
      "type": "aws_db_subnet_group",
      "name": "aurora",
      "provider": "provider[\"registry.terraform.io/hashicorp/aws\"]",
      "instances": [
        {
          "schema_version": 0,
          "attributes": {
            "arn": "arn:aws:rds:us-east-1:533267217230:subgrp:dev-dbsubnet",
            "description": "Managed by Terraform",
            "id": "dev-dbsubnet",
            "name": "dev-dbsubnet",
            "name_prefix": "",
            "subnet_ids": [
              "subnet-05dc86cec054951fa",
              "subnet-07356d8c8091f5196"
            ],
            "supported_network_types": [
              "IPV4"
            ],
            "tags": {},
            "tags_all": {},
            "vpc_id": "vpc-02d1779ee75b8cabe"
          },
          "sensitive_attributes": [],
          "identity_schema_version": 0,
          "private": "bnVsbA=="
        }
      ]
    },
    {
      "mode": "managed",
      "type": "aws_secretsmanager_secret",
      "name": "db",
      "provider": "provider[\"registry.terraform.io/hashicorp/aws\"]",
      "instances": [
        {
          "schema_version": 0,
          "attributes": {
            "arn": "arn:aws:secretsmanager:us-east-1:533267217230:secret:dev/db-credentials-lVHRG7",
            "description": "",
            "force_overwrite_replica_secret": false,
            "id": "arn:aws:secretsmanager:us-east-1:533267217230:secret:dev/db-credentials-lVHRG7",
            "kms_key_id": "",
            "name": "dev/db-credentials",
            "name_prefix": "",
            "policy": "",
            "recovery_window_in_days": 30,
            "replica": [],
            "tags": null,
            "tags_all": {}
          },
          "sensitive_attributes": [],
          "identity_schema_version": 0,
          "private": "bnVsbA=="
        }
      ]
    },
    {
      "mode": "managed",
      "type": "aws_secretsmanager_secret_version",
      "name": "db",
      "provider": "provider[\"registry.terraform.io/hashicorp/aws\"]",
      "instances": [
        {
          "schema_version": 0,
          "attributes": {
            "arn": "arn:aws:secretsmanager:us-east-1:533267217230:secret:dev/db-credentials-lVHRG7",
            "has_secret_string_wo": null,
            "id": "arn:aws:secretsmanager:us-east-1:533267217230:secret:dev/db-credentials-lVHRG7|terraform-20251011141440112900000003",
            "secret_binary": "",
            "secret_id": "arn:aws:secretsmanager:us-east-1:533267217230:secret:dev/db-credentials-lVHRG7",
            "secret_string": "{\"password\":\":iG{7OGdR!a(I#3vmBPQ60c=\",\"username\":\"appuser\"}",
            "secret_string_wo": null,
            "secret_string_wo_version": null,
            "version_id": "terraform-20251011141440112900000003",
            "version_stages": [
              "AWSCURRENT"
            ]
          },
          "sensitive_attributes": [
            [
              {
                "type": "get_attr",
                "value": "secret_binary"
              }
            ],
            [
              {
                "type": "get_attr",
                "value": "secret_string"
              }
            ],
            [
              {
                "type": "get_attr",
                "value": "secret_string_wo"
              }
            ]
          ],
          "identity_schema_version": 0,
          "private": "bnVsbA==",
          "dependencies": [
            "aws_secretsmanager_secret.db",
            "random_password.db"
          ]
        }
      ]
    },
    {
      "mode": "managed",
      "type": "random_password",
      "name": "db",
      "provider": "provider[\"registry.terraform.io/hashicorp/random\"]",
      "instances": [
        {
          "schema_version": 3,
          "attributes": {
            "bcrypt_hash": "$2a$10$XLW.mObnfUk08VH18taAx.aa6JCbeAiQUZx7DRBEq3j/8Y5m1Hity",
            "id": "none",
            "keepers": null,
            "length": 24,
            "lower": true,
            "min_lower": 0,
            "min_numeric": 0,
            "min_special": 0,
            "min_upper": 0,
            "number": true,
            "numeric": true,
            "override_special": null,
            "result": ":iG{7OGdR!a(I#3vmBPQ60c=",
            "special": true,
            "upper": true
          },
          "sensitive_attributes": [
            [
              {
                "type": "get_attr",
                "value": "bcrypt_hash"
              }
            ],
            [
              {
                "type": "get_attr",
                "value": "result"
              }
            ]
          ],
          "identity_schema_version": 0
        }
      ]
    }
  ],
  "check_results": null
}
